
Microsoft Visual Studio Solution File, Format Version 12.00
# Visual Studio 15
VisualStudioVersion = 15.0.28307.705
MinimumVisualStudioVersion = 10.0.40219.1
Project("{8BC9CEB8-8B4A-11D0-8D11-00A0C91BC942}") = "numCon", "numCon\numCon.vcxproj", "{FB142EA7-DC95-4F62-B6DB-25760F54BD50}"
EndProject
Global
	GlobalSection(SolutionConfigurationPlatforms) = preSolution
		Debug|x64 = Debug|x64
		Debug|x86 = Debug|x86
		Release|x64 = Release|x64
		Release|x86 = Release|x86
	EndGlobalSection
	GlobalSection(ProjectConfigurationPlatforms) = postSolution
		{FB142EA7-DC95-4F62-B6DB-25760F54BD50}.Debug|x64.ActiveCfg = Debug|x64
		{FB142EA7-DC95-4F62-B6DB-25760F54BD50}.Debug|x64.Build.0 = Debug|x64
		{FB142EA7-DC95-4F62-B6DB-25760F54BD50}.Debug|x86.ActiveCfg = Debug|Win32
		{FB142EA7-DC95-4F62-B6DB-25760F54BD50}.Debug|x86.Build.0 = Debug|Win32
		{FB142EA7-DC95-4F62-B6DB-25760F54BD50}.Release|x64.ActiveCfg = Release|x64
		{FB142EA7-DC95-4F62-B6DB-25760F54BD50}.Release|x64.Build.0 = Release|x64
		{FB142EA7-DC95-4F62-B6DB-25760F54BD50}.Release|x86.ActiveCfg = Release|Win32
		{FB142EA7-DC95-4F62-B6DB-25760F54BD50}.Release|x86.Build.0 = Release|Win32
	EndGlobalSection
	GlobalSection(SolutionProperties) = preSolution
		HideSolutionNode = FALSE
	EndGlobalSection
	GlobalSection(ExtensibilityGlobals) = postSolution
		SolutionGuid = {E31381FB-DE78-45A2-9F06-A1DEC3767B45}
	EndGlobalSection
EndGlobal
